{
  "name": "valorant_dashboard",
  "lockfileVersion": 2,
  "requires": true,
  "packages": {
    "": {
      "dependencies": {
        "unofficial-valorant-api": "^1.0.2"
      }
    },
    "node_modules/axios": {
      "version": "0.21.4",
      "resolved": "https://registry.npmjs.org/axios/-/axios-0.21.4.tgz",
      "integrity": "sha512-ut5vewkiu8jjGBdqpM44XxjuCjq9LAKeHVmoVfHVzy8eHgxxq8SbAVQNovDA8mVi05kP0Ea/n/UzcSHcTJQfNg==",
      "dependencies": {
        "follow-redirects": "^1.14.0"
      }
    },
    "node_modules/follow-redirects": {
      "version": "1.14.4",
      "resolved": "https://registry.npmjs.org/follow-redirects/-/follow-redirects-1.14.4.tgz",
      "integrity": "sha512-zwGkiSXC1MUJG/qmeIFH2HBJx9u0V46QGUe3YR1fXG8bXQxq7fLj0RjLZQ5nubr9qNJUZrH+xUcwXEoXNpfS+g==",
      "funding": [
        {
          "type": "individual",
          "url": "https://github.com/sponsors/RubenVerborgh"
        }
      ],
      "engines": {
        "node": ">=4.0"
      },
      "peerDependenciesMeta": {
        "debug": {
          "optional": true
        }
      }
    },
    "node_modules/unofficial-valorant-api": {
      "version": "1.0.2",
      "resolved": "https://registry.npmjs.org/unofficial-valorant-api/-/unofficial-valorant-api-1.0.2.tgz",
      "integrity": "sha512-NPx7Jgr1gALn3Ui8WIJ4/vEEQIWShsqgt4gYyZ5C3BioEvLVTPRdFAFyhxKGnB0KOGtextOErX2mGK7VPGCyQg==",
      "dependencies": {
        "axios": "^0.21.1"
      }
    }
  },
  "dependencies": {
    "axios": {
      "version": "0.21.4",
      "resolved": "https://registry.npmjs.org/axios/-/axios-0.21.4.tgz",
      "integrity": "sha512-ut5vewkiu8jjGBdqpM44XxjuCjq9LAKeHVmoVfHVzy8eHgxxq8SbAVQNovDA8mVi05kP0Ea/n/UzcSHcTJQfNg==",
      "requires": {
        "follow-redirects": "^1.14.0"
      }
    },
    "follow-redirects": {
      "version": "1.14.4",
      "resolved": "https://registry.npmjs.org/follow-redirects/-/follow-redirects-1.14.4.tgz",
      "integrity": "sha512-zwGkiSXC1MUJG/qmeIFH2HBJx9u0V46QGUe3YR1fXG8bXQxq7fLj0RjLZQ5nubr9qNJUZrH+xUcwXEoXNpfS+g=="
    },
    "unofficial-valorant-api": {
      "version": "1.0.2",
      "resolved": "https://registry.npmjs.org/unofficial-valorant-api/-/unofficial-valorant-api-1.0.2.tgz",
      "integrity": "sha512-NPx7Jgr1gALn3Ui8WIJ4/vEEQIWShsqgt4gYyZ5C3BioEvLVTPRdFAFyhxKGnB0KOGtextOErX2mGK7VPGCyQg==",
      "requires": {
        "axios": "^0.21.1"
      }
    }
  }
}
